
Microsoft Visual Studio Solution File, Format Version 12.00
# Visual Studio Version 17
VisualStudioVersion = 17.14.37328.6
MinimumVisualStudioVersion = 10.0.40219.1
Project("{FAE04EC0-301F-11D3-BF4B-00C04F79EFBC}") = "WTK.MediaForge.App.WinForms", "WTK.MediaForge.App.WinForms\WTK.MediaForge.App.WinForms.csproj", "{1FC59352-F9F6-4597-B235-3F9466415A9A}"
EndProject
Project("{FAE04EC0-301F-11D3-BF4B-00C04F79EFBC}") = "WTK.MediaForge.Core", "WTK.MediaForge.Core\WTK.MediaForge.Core.csproj", "{809B0E30-3810-478E-811B-6583A84F466B}"
EndProject
Project("{FAE04EC0-301F-11D3-BF4B-00C04F79EFBC}") = "WTK.MediaForge.Capture", "WTK.MediaForge.Capture\WTK.MediaForge.Capture.csproj", "{33349458-355D-4C34-ACA6-95FB5CAB10BE}"
EndProject
Project("{FAE04EC0-301F-11D3-BF4B-00C04F79EFBC}") = "WTK.MediaForge.Graphics.D3D11", "WTK.MediaForge.Graphics.D3D11\WTK.MediaForge.Graphics.D3D11.csproj", "{432F1187-D96D-4252-A095-7C0D66B2FBF8}"
EndProject
Project("{FAE04EC0-301F-11D3-BF4B-00C04F79EFBC}") = "WTK.MediaForge.Graphics.Vulkan", "WTK.MediaForge.Graphics.Vulkan\WTK.MediaForge.Graphics.Vulkan.csproj", "{39E926A5-8447-4261-AF87-AA472FD239CE}"
EndProject
Project("{FAE04EC0-301F-11D3-BF4B-00C04F79EFBC}") = "WTK.MediaForge.Graphics.Interop", "WTK.MediaForge.Graphics.Interop\WTK.MediaForge.Graphics.Interop.csproj", "{D892DC52-FB4C-448D-8455-C85AE9E6D6F9}"
EndProject
Project("{FAE04EC0-301F-11D3-BF4B-00C04F79EFBC}") = "WTK.MediaForge.Composition", "WTK.MediaForge.Composition\WTK.MediaForge.Composition.csproj", "{7EAE39A9-2600-4BE6-98D3-A02D0DAB53DD}"
EndProject
Project("{FAE04EC0-301F-11D3-BF4B-00C04F79EFBC}") = "WTK.MediaForge.Diagnostics", "WTK.MediaForge.Diagnostics\WTK.MediaForge.Diagnostics.csproj", "{769E7B5C-5F2D-43AB-8132-2EFBB454F8C6}"
EndProject
Project("{2150E333-8FDC-42A3-9474-1A3956D46DE8}") = "Itens de Solução", "Itens de Solução", "{380A7511-A354-6D7A-0CC0-8FA1F1BA7B6C}"
	ProjectSection(SolutionItems) = preProject
		Directory.Packages.props = Directory.Packages.props
		NuGet.config = NuGet.config
	EndProjectSection
EndProject
Project("{FAE04EC0-301F-11D3-BF4B-00C04F79EFBC}") = "WTK.MediaForge.Core.Tests", "WTK.MediaForge.Core.Tests\WTK.MediaForge.Core.Tests.csproj", "{F5F8749C-7FD9-4469-8730-CBFEAD60E771}"
EndProject
Project("{FAE04EC0-301F-11D3-BF4B-00C04F79EFBC}") = "WTK.MediaForge.Composition.Tests", "WTK.MediaForge.Composition.Tests\WTK.MediaForge.Composition.Tests.csproj", "{9DFF2FF5-1DD6-4B64-BFA5-0EC40327E96E}"
EndProject
Project("{FAE04EC0-301F-11D3-BF4B-00C04F79EFBC}") = "WTK.MediaForge.Graphics.D3D11.Tests", "WTK.MediaForge.Graphics.D3D11.Tests\WTK.MediaForge.Graphics.D3D11.Tests.csproj", "{2AFA74F3-6284-4A77-9444-00EEF6574F43}"
EndProject
Project("{FAE04EC0-301F-11D3-BF4B-00C04F79EFBC}") = "WTK.MediaForge.Capture.Tests", "WTK.MediaForge.Capture.Tests\WTK.MediaForge.Capture.Tests.csproj", "{AD716676-62B9-4FFA-9DD5-B54EEC0D8789}"
EndProject
Project("{FAE04EC0-301F-11D3-BF4B-00C04F79EFBC}") = "WTK.MediaForge.Graphics.Vulkan.Tests", "WTK.MediaForge.Graphics.Vulkan.Tests\WTK.MediaForge.Graphics.Vulkan.Tests.csproj", "{E0469FCF-624C-4844-B872-BF94C8B734BA}"
EndProject
Project("{FAE04EC0-301F-11D3-BF4B-00C04F79EFBC}") = "WTK.MediaForge.Diagnostics.Tests", "WTK.MediaForge.Diagnostics.Tests\WTK.MediaForge.Diagnostics.Tests.csproj", "{5AF683EB-D311-4952-B8A1-C0FB60B52E9A}"
EndProject
Project("{FAE04EC0-301F-11D3-BF4B-00C04F79EFBC}") = "WTK.MediaForge.Windows", "WTK.MediaForge.Windows\WTK.MediaForge.Windows.csproj", "{177D5CA9-90D2-4896-BB31-2CCACABDBBDA}"
EndProject
Project("{FAE04EC0-301F-11D3-BF4B-00C04F79EFBC}") = "WTK.MediaForge.Windows.Tests", "WTK.MediaForge.Windows.Tests\WTK.MediaForge.Windows.Tests.csproj", "{38F65B96-9E81-4886-9B53-5A2683C477F3}"
EndProject
Project("{2150E333-8FDC-42A3-9474-1A3956D46DE8}") = "samples", "samples", "{5D20AA90-6969-D8BD-9DCD-8634F4692FDA}"
EndProject
Project("{FAE04EC0-301F-11D3-BF4B-00C04F79EFBC}") = "WTK.MediaForge.Sample.Offscreen", "samples\WTK.MediaForge.Sample.Offscreen\WTK.MediaForge.Sample.Offscreen.csproj", "{0E7FB5C1-E013-4AE6-B71F-58E9AE400622}"
EndProject
Project("{FAE04EC0-301F-11D3-BF4B-00C04F79EFBC}") = "WTK.MediaForge.Studio", "WTK.MediaForge.Studio\WTK.MediaForge.Studio.csproj", "{1059F2E7-4293-4AC2-A01D-BEBC5630E9E1}"
EndProject
Project("{FAE04EC0-301F-11D3-BF4B-00C04F79EFBC}") = "WTK.MediaForge.Studio.Tests", "WTK.MediaForge.Studio.Tests\WTK.MediaForge.Studio.Tests.csproj", "{8A987171-36CA-4975-86D6-DEF9496BB459}"
EndProject
Global
	GlobalSection(SolutionConfigurationPlatforms) = preSolution
		Debug|Any CPU = Debug|Any CPU
		Debug|x64 = Debug|x64
		Debug|x86 = Debug|x86
		Release|Any CPU = Release|Any CPU
		Release|x64 = Release|x64
		Release|x86 = Release|x86
	EndGlobalSection
	GlobalSection(ProjectConfigurationPlatforms) = postSolution
		{1FC59352-F9F6-4597-B235-3F9466415A9A}.Debug|Any CPU.ActiveCfg = Debug|Any CPU
		{1FC59352-F9F6-4597-B235-3F9466415A9A}.Debug|Any CPU.Build.0 = Debug|Any CPU
		{1FC59352-F9F6-4597-B235-3F9466415A9A}.Debug|x64.ActiveCfg = Debug|Any CPU
		{1FC59352-F9F6-4597-B235-3F9466415A9A}.Debug|x64.Build.0 = Debug|Any CPU
		{1FC59352-F9F6-4597-B235-3F9466415A9A}.Debug|x86.ActiveCfg = Debug|Any CPU
		{1FC59352-F9F6-4597-B235-3F9466415A9A}.Debug|x86.Build.0 = Debug|Any CPU
		{1FC59352-F9F6-4597-B235-3F9466415A9A}.Release|Any CPU.ActiveCfg = Release|Any CPU
		{1FC59352-F9F6-4597-B235-3F9466415A9A}.Release|Any CPU.Build.0 = Release|Any CPU
		{1FC59352-F9F6-4597-B235-3F9466415A9A}.Release|x64.ActiveCfg = Release|Any CPU
		{1FC59352-F9F6-4597-B235-3F9466415A9A}.Release|x64.Build.0 = Release|Any CPU
		{1FC59352-F9F6-4597-B235-3F9466415A9A}.Release|x86.ActiveCfg = Release|Any CPU
		{1FC59352-F9F6-4597-B235-3F9466415A9A}.Release|x86.Build.0 = Release|Any CPU
		{809B0E30-3810-478E-811B-6583A84F466B}.Debug|Any CPU.ActiveCfg = Debug|Any CPU
		{809B0E30-3810-478E-811B-6583A84F466B}.Debug|Any CPU.Build.0 = Debug|Any CPU
		{809B0E30-3810-478E-811B-6583A84F466B}.Debug|x64.ActiveCfg = Debug|Any CPU
		{809B0E30-3810-478E-811B-6583A84F466B}.Debug|x64.Build.0 = Debug|Any CPU
		{809B0E30-3810-478E-811B-6583A84F466B}.Debug|x86.ActiveCfg = Debug|Any CPU
		{809B0E30-3810-478E-811B-6583A84F466B}.Debug|x86.Build.0 = Debug|Any CPU
		{809B0E30-3810-478E-811B-6583A84F466B}.Release|Any CPU.ActiveCfg = Release|Any CPU
		{809B0E30-3810-478E-811B-6583A84F466B}.Release|Any CPU.Build.0 = Release|Any CPU
		{809B0E30-3810-478E-811B-6583A84F466B}.Release|x64.ActiveCfg = Release|Any CPU
		{809B0E30-3810-478E-811B-6583A84F466B}.Release|x64.Build.0 = Release|Any CPU
		{809B0E30-3810-478E-811B-6583A84F466B}.Release|x86.ActiveCfg = Release|Any CPU
		{809B0E30-3810-478E-811B-6583A84F466B}.Release|x86.Build.0 = Release|Any CPU
		{33349458-355D-4C34-ACA6-95FB5CAB10BE}.Debug|Any CPU.ActiveCfg = Debug|Any CPU
		{33349458-355D-4C34-ACA6-95FB5CAB10BE}.Debug|Any CPU.Build.0 = Debug|Any CPU
		{33349458-355D-4C34-ACA6-95FB5CAB10BE}.Debug|x64.ActiveCfg = Debug|Any CPU
		{33349458-355D-4C34-ACA6-95FB5CAB10BE}.Debug|x64.Build.0 = Debug|Any CPU
		{33349458-355D-4C34-ACA6-95FB5CAB10BE}.Debug|x86.ActiveCfg = Debug|Any CPU
		{33349458-355D-4C34-ACA6-95FB5CAB10BE}.Debug|x86.Build.0 = Debug|Any CPU
		{33349458-355D-4C34-ACA6-95FB5CAB10BE}.Release|Any CPU.ActiveCfg = Release|Any CPU
		{33349458-355D-4C34-ACA6-95FB5CAB10BE}.Release|Any CPU.Build.0 = Release|Any CPU
		{33349458-355D-4C34-ACA6-95FB5CAB10BE}.Release|x64.ActiveCfg = Release|Any CPU
		{33349458-355D-4C34-ACA6-95FB5CAB10BE}.Release|x64.Build.0 = Release|Any CPU
		{33349458-355D-4C34-ACA6-95FB5CAB10BE}.Release|x86.ActiveCfg = Release|Any CPU
		{33349458-355D-4C34-ACA6-95FB5CAB10BE}.Release|x86.Build.0 = Release|Any CPU
		{432F1187-D96D-4252-A095-7C0D66B2FBF8}.Debug|Any CPU.ActiveCfg = Debug|Any CPU
		{432F1187-D96D-4252-A095-7C0D66B2FBF8}.Debug|Any CPU.Build.0 = Debug|Any CPU
		{432F1187-D96D-4252-A095-7C0D66B2FBF8}.Debug|x64.ActiveCfg = Debug|Any CPU
		{432F1187-D96D-4252-A095-7C0D66B2FBF8}.Debug|x64.Build.0 = Debug|Any CPU
		{432F1187-D96D-4252-A095-7C0D66B2FBF8}.Debug|x86.ActiveCfg = Debug|Any CPU
		{432F1187-D96D-4252-A095-7C0D66B2FBF8}.Debug|x86.Build.0 = Debug|Any CPU
		{432F1187-D96D-4252-A095-7C0D66B2FBF8}.Release|Any CPU.ActiveCfg = Release|Any CPU
		{432F1187-D96D-4252-A095-7C0D66B2FBF8}.Release|Any CPU.Build.0 = Release|Any CPU
		{432F1187-D96D-4252-A095-7C0D66B2FBF8}.Release|x64.ActiveCfg = Release|Any CPU
		{432F1187-D96D-4252-A095-7C0D66B2FBF8}.Release|x64.Build.0 = Release|Any CPU
		{432F1187-D96D-4252-A095-7C0D66B2FBF8}.Release|x86.ActiveCfg = Release|Any CPU
		{432F1187-D96D-4252-A095-7C0D66B2FBF8}.Release|x86.Build.0 = Release|Any CPU
		{39E926A5-8447-4261-AF87-AA472FD239CE}.Debug|Any CPU.ActiveCfg = Debug|Any CPU
		{39E926A5-8447-4261-AF87-AA472FD239CE}.Debug|Any CPU.Build.0 = Debug|Any CPU
		{39E926A5-8447-4261-AF87-AA472FD239CE}.Debug|x64.ActiveCfg = Debug|Any CPU
		{39E926A5-8447-4261-AF87-AA472FD239CE}.Debug|x64.Build.0 = Debug|Any CPU
		{39E926A5-8447-4261-AF87-AA472FD239CE}.Debug|x86.ActiveCfg = Debug|Any CPU
		{39E926A5-8447-4261-AF87-AA472FD239CE}.Debug|x86.Build.0 = Debug|Any CPU
		{39E926A5-8447-4261-AF87-AA472FD239CE}.Release|Any CPU.ActiveCfg = Release|Any CPU
		{39E926A5-8447-4261-AF87-AA472FD239CE}.Release|Any CPU.Build.0 = Release|Any CPU
		{39E926A5-8447-4261-AF87-AA472FD239CE}.Release|x64.ActiveCfg = Release|Any CPU
		{39E926A5-8447-4261-AF87-AA472FD239CE}.Release|x64.Build.0 = Release|Any CPU
		{39E926A5-8447-4261-AF87-AA472FD239CE}.Release|x86.ActiveCfg = Release|Any CPU
		{39E926A5-8447-4261-AF87-AA472FD239CE}.Release|x86.Build.0 = Release|Any CPU
		{D892DC52-FB4C-448D-8455-C85AE9E6D6F9}.Debug|Any CPU.ActiveCfg = Debug|Any CPU
		{D892DC52-FB4C-448D-8455-C85AE9E6D6F9}.Debug|Any CPU.Build.0 = Debug|Any CPU
		{D892DC52-FB4C-448D-8455-C85AE9E6D6F9}.Debug|x64.ActiveCfg = Debug|Any CPU
		{D892DC52-FB4C-448D-8455-C85AE9E6D6F9}.Debug|x64.Build.0 = Debug|Any CPU
		{D892DC52-FB4C-448D-8455-C85AE9E6D6F9}.Debug|x86.ActiveCfg = Debug|Any CPU
		{D892DC52-FB4C-448D-8455-C85AE9E6D6F9}.Debug|x86.Build.0 = Debug|Any CPU
		{D892DC52-FB4C-448D-8455-C85AE9E6D6F9}.Release|Any CPU.ActiveCfg = Release|Any CPU
		{D892DC52-FB4C-448D-8455-C85AE9E6D6F9}.Release|Any CPU.Build.0 = Release|Any CPU
		{D892DC52-FB4C-448D-8455-C85AE9E6D6F9}.Release|x64.ActiveCfg = Release|Any CPU
		{D892DC52-FB4C-448D-8455-C85AE9E6D6F9}.Release|x64.Build.0 = Release|Any CPU
		{D892DC52-FB4C-448D-8455-C85AE9E6D6F9}.Release|x86.ActiveCfg = Release|Any CPU
		{D892DC52-FB4C-448D-8455-C85AE9E6D6F9}.Release|x86.Build.0 = Release|Any CPU
		{7EAE39A9-2600-4BE6-98D3-A02D0DAB53DD}.Debug|Any CPU.ActiveCfg = Debug|Any CPU
		{7EAE39A9-2600-4BE6-98D3-A02D0DAB53DD}.Debug|Any CPU.Build.0 = Debug|Any CPU
		{7EAE39A9-2600-4BE6-98D3-A02D0DAB53DD}.Debug|x64.ActiveCfg = Debug|Any CPU
		{7EAE39A9-2600-4BE6-98D3-A02D0DAB53DD}.Debug|x64.Build.0 = Debug|Any CPU
		{7EAE39A9-2600-4BE6-98D3-A02D0DAB53DD}.Debug|x86.ActiveCfg = Debug|Any CPU
		{7EAE39A9-2600-4BE6-98D3-A02D0DAB53DD}.Debug|x86.Build.0 = Debug|Any CPU
		{7EAE39A9-2600-4BE6-98D3-A02D0DAB53DD}.Release|Any CPU.ActiveCfg = Release|Any CPU
		{7EAE39A9-2600-4BE6-98D3-A02D0DAB53DD}.Release|Any CPU.Build.0 = Release|Any CPU
		{7EAE39A9-2600-4BE6-98D3-A02D0DAB53DD}.Release|x64.ActiveCfg = Release|Any CPU
		{7EAE39A9-2600-4BE6-98D3-A02D0DAB53DD}.Release|x64.Build.0 = Release|Any CPU
		{7EAE39A9-2600-4BE6-98D3-A02D0DAB53DD}.Release|x86.ActiveCfg = Release|Any CPU
		{7EAE39A9-2600-4BE6-98D3-A02D0DAB53DD}.Release|x86.Build.0 = Release|Any CPU
		{769E7B5C-5F2D-43AB-8132-2EFBB454F8C6}.Debug|Any CPU.ActiveCfg = Debug|Any CPU
		{769E7B5C-5F2D-43AB-8132-2EFBB454F8C6}.Debug|Any CPU.Build.0 = Debug|Any CPU
		{769E7B5C-5F2D-43AB-8132-2EFBB454F8C6}.Debug|x64.ActiveCfg = Debug|Any CPU
		{769E7B5C-5F2D-43AB-8132-2EFBB454F8C6}.Debug|x64.Build.0 = Debug|Any CPU
		{769E7B5C-5F2D-43AB-8132-2EFBB454F8C6}.Debug|x86.ActiveCfg = Debug|Any CPU
		{769E7B5C-5F2D-43AB-8132-2EFBB454F8C6}.Debug|x86.Build.0 = Debug|Any CPU
		{769E7B5C-5F2D-43AB-8132-2EFBB454F8C6}.Release|Any CPU.ActiveCfg = Release|Any CPU
		{769E7B5C-5F2D-43AB-8132-2EFBB454F8C6}.Release|Any CPU.Build.0 = Release|Any CPU
		{769E7B5C-5F2D-43AB-8132-2EFBB454F8C6}.Release|x64.ActiveCfg = Release|Any CPU
		{769E7B5C-5F2D-43AB-8132-2EFBB454F8C6}.Release|x64.Build.0 = Release|Any CPU
		{769E7B5C-5F2D-43AB-8132-2EFBB454F8C6}.Release|x86.ActiveCfg = Release|Any CPU
		{769E7B5C-5F2D-43AB-8132-2EFBB454F8C6}.Release|x86.Build.0 = Release|Any CPU
		{F5F8749C-7FD9-4469-8730-CBFEAD60E771}.Debug|Any CPU.ActiveCfg = Debug|Any CPU
		{F5F8749C-7FD9-4469-8730-CBFEAD60E771}.Debug|Any CPU.Build.0 = Debug|Any CPU
		{F5F8749C-7FD9-4469-8730-CBFEAD60E771}.Debug|x64.ActiveCfg = Debug|Any CPU
		{F5F8749C-7FD9-4469-8730-CBFEAD60E771}.Debug|x64.Build.0 = Debug|Any CPU
		{F5F8749C-7FD9-4469-8730-CBFEAD60E771}.Debug|x86.ActiveCfg = Debug|Any CPU
		{F5F8749C-7FD9-4469-8730-CBFEAD60E771}.Debug|x86.Build.0 = Debug|Any CPU
		{F5F8749C-7FD9-4469-8730-CBFEAD60E771}.Release|Any CPU.ActiveCfg = Release|Any CPU
		{F5F8749C-7FD9-4469-8730-CBFEAD60E771}.Release|Any CPU.Build.0 = Release|Any CPU
		{F5F8749C-7FD9-4469-8730-CBFEAD60E771}.Release|x64.ActiveCfg = Release|Any CPU
		{F5F8749C-7FD9-4469-8730-CBFEAD60E771}.Release|x64.Build.0 = Release|Any CPU
		{F5F8749C-7FD9-4469-8730-CBFEAD60E771}.Release|x86.ActiveCfg = Release|Any CPU
		{F5F8749C-7FD9-4469-8730-CBFEAD60E771}.Release|x86.Build.0 = Release|Any CPU
		{9DFF2FF5-1DD6-4B64-BFA5-0EC40327E96E}.Debug|Any CPU.ActiveCfg = Debug|Any CPU
		{9DFF2FF5-1DD6-4B64-BFA5-0EC40327E96E}.Debug|Any CPU.Build.0 = Debug|Any CPU
		{9DFF2FF5-1DD6-4B64-BFA5-0EC40327E96E}.Debug|x64.ActiveCfg = Debug|Any CPU
		{9DFF2FF5-1DD6-4B64-BFA5-0EC40327E96E}.Debug|x64.Build.0 = Debug|Any CPU
		{9DFF2FF5-1DD6-4B64-BFA5-0EC40327E96E}.Debug|x86.ActiveCfg = Debug|Any CPU
		{9DFF2FF5-1DD6-4B64-BFA5-0EC40327E96E}.Debug|x86.Build.0 = Debug|Any CPU
		{9DFF2FF5-1DD6-4B64-BFA5-0EC40327E96E}.Release|Any CPU.ActiveCfg = Release|Any CPU
		{9DFF2FF5-1DD6-4B64-BFA5-0EC40327E96E}.Release|Any CPU.Build.0 = Release|Any CPU
		{9DFF2FF5-1DD6-4B64-BFA5-0EC40327E96E}.Release|x64.ActiveCfg = Release|Any CPU
		{9DFF2FF5-1DD6-4B64-BFA5-0EC40327E96E}.Release|x64.Build.0 = Release|Any CPU
		{9DFF2FF5-1DD6-4B64-BFA5-0EC40327E96E}.Release|x86.ActiveCfg = Release|Any CPU
		{9DFF2FF5-1DD6-4B64-BFA5-0EC40327E96E}.Release|x86.Build.0 = Release|Any CPU
		{2AFA74F3-6284-4A77-9444-00EEF6574F43}.Debug|Any CPU.ActiveCfg = Debug|Any CPU
		{2AFA74F3-6284-4A77-9444-00EEF6574F43}.Debug|Any CPU.Build.0 = Debug|Any CPU
		{2AFA74F3-6284-4A77-9444-00EEF6574F43}.Debug|x64.ActiveCfg = Debug|Any CPU
		{2AFA74F3-6284-4A77-9444-00EEF6574F43}.Debug|x64.Build.0 = Debug|Any CPU
		{2AFA74F3-6284-4A77-9444-00EEF6574F43}.Debug|x86.ActiveCfg = Debug|Any CPU
		{2AFA74F3-6284-4A77-9444-00EEF6574F43}.Debug|x86.Build.0 = Debug|Any CPU
		{2AFA74F3-6284-4A77-9444-00EEF6574F43}.Release|Any CPU.ActiveCfg = Release|Any CPU
		{2AFA74F3-6284-4A77-9444-00EEF6574F43}.Release|Any CPU.Build.0 = Release|Any CPU
		{2AFA74F3-6284-4A77-9444-00EEF6574F43}.Release|x64.ActiveCfg = Release|Any CPU
		{2AFA74F3-6284-4A77-9444-00EEF6574F43}.Release|x64.Build.0 = Release|Any CPU
		{2AFA74F3-6284-4A77-9444-00EEF6574F43}.Release|x86.ActiveCfg = Release|Any CPU
		{2AFA74F3-6284-4A77-9444-00EEF6574F43}.Release|x86.Build.0 = Release|Any CPU
		{AD716676-62B9-4FFA-9DD5-B54EEC0D8789}.Debug|Any CPU.ActiveCfg = Debug|Any CPU
		{AD716676-62B9-4FFA-9DD5-B54EEC0D8789}.Debug|Any CPU.Build.0 = Debug|Any CPU
		{AD716676-62B9-4FFA-9DD5-B54EEC0D8789}.Debug|x64.ActiveCfg = Debug|Any CPU
		{AD716676-62B9-4FFA-9DD5-B54EEC0D8789}.Debug|x64.Build.0 = Debug|Any CPU
		{AD716676-62B9-4FFA-9DD5-B54EEC0D8789}.Debug|x86.ActiveCfg = Debug|Any CPU
		{AD716676-62B9-4FFA-9DD5-B54EEC0D8789}.Debug|x86.Build.0 = Debug|Any CPU
		{AD716676-62B9-4FFA-9DD5-B54EEC0D8789}.Release|Any CPU.ActiveCfg = Release|Any CPU
		{AD716676-62B9-4FFA-9DD5-B54EEC0D8789}.Release|Any CPU.Build.0 = Release|Any CPU
		{AD716676-62B9-4FFA-9DD5-B54EEC0D8789}.Release|x64.ActiveCfg = Release|Any CPU
		{AD716676-62B9-4FFA-9DD5-B54EEC0D8789}.Release|x64.Build.0 = Release|Any CPU
		{AD716676-62B9-4FFA-9DD5-B54EEC0D8789}.Release|x86.ActiveCfg = Release|Any CPU
		{AD716676-62B9-4FFA-9DD5-B54EEC0D8789}.Release|x86.Build.0 = Release|Any CPU
		{E0469FCF-624C-4844-B872-BF94C8B734BA}.Debug|Any CPU.ActiveCfg = Debug|Any CPU
		{E0469FCF-624C-4844-B872-BF94C8B734BA}.Debug|Any CPU.Build.0 = Debug|Any CPU
		{E0469FCF-624C-4844-B872-BF94C8B734BA}.Debug|x64.ActiveCfg = Debug|Any CPU
		{E0469FCF-624C-4844-B872-BF94C8B734BA}.Debug|x64.Build.0 = Debug|Any CPU
		{E0469FCF-624C-4844-B872-BF94C8B734BA}.Debug|x86.ActiveCfg = Debug|Any CPU
		{E0469FCF-624C-4844-B872-BF94C8B734BA}.Debug|x86.Build.0 = Debug|Any CPU
		{E0469FCF-624C-4844-B872-BF94C8B734BA}.Release|Any CPU.ActiveCfg = Release|Any CPU
		{E0469FCF-624C-4844-B872-BF94C8B734BA}.Release|Any CPU.Build.0 = Release|Any CPU
		{E0469FCF-624C-4844-B872-BF94C8B734BA}.Release|x64.ActiveCfg = Release|Any CPU
		{E0469FCF-624C-4844-B872-BF94C8B734BA}.Release|x64.Build.0 = Release|Any CPU
		{E0469FCF-624C-4844-B872-BF94C8B734BA}.Release|x86.ActiveCfg = Release|Any CPU
		{E0469FCF-624C-4844-B872-BF94C8B734BA}.Release|x86.Build.0 = Release|Any CPU
		{5AF683EB-D311-4952-B8A1-C0FB60B52E9A}.Debug|Any CPU.ActiveCfg = Debug|Any CPU
		{5AF683EB-D311-4952-B8A1-C0FB60B52E9A}.Debug|Any CPU.Build.0 = Debug|Any CPU
		{5AF683EB-D311-4952-B8A1-C0FB60B52E9A}.Debug|x64.ActiveCfg = Debug|Any CPU
		{5AF683EB-D311-4952-B8A1-C0FB60B52E9A}.Debug|x64.Build.0 = Debug|Any CPU
		{5AF683EB-D311-4952-B8A1-C0FB60B52E9A}.Debug|x86.ActiveCfg = Debug|Any CPU
		{5AF683EB-D311-4952-B8A1-C0FB60B52E9A}.Debug|x86.Build.0 = Debug|Any CPU
		{5AF683EB-D311-4952-B8A1-C0FB60B52E9A}.Release|Any CPU.ActiveCfg = Release|Any CPU
		{5AF683EB-D311-4952-B8A1-C0FB60B52E9A}.Release|Any CPU.Build.0 = Release|Any CPU
		{5AF683EB-D311-4952-B8A1-C0FB60B52E9A}.Release|x64.ActiveCfg = Release|Any CPU
		{5AF683EB-D311-4952-B8A1-C0FB60B52E9A}.Release|x64.Build.0 = Release|Any CPU
		{5AF683EB-D311-4952-B8A1-C0FB60B52E9A}.Release|x86.ActiveCfg = Release|Any CPU
		{5AF683EB-D311-4952-B8A1-C0FB60B52E9A}.Release|x86.Build.0 = Release|Any CPU
		{177D5CA9-90D2-4896-BB31-2CCACABDBBDA}.Debug|Any CPU.ActiveCfg = Debug|Any CPU
		{177D5CA9-90D2-4896-BB31-2CCACABDBBDA}.Debug|Any CPU.Build.0 = Debug|Any CPU
		{177D5CA9-90D2-4896-BB31-2CCACABDBBDA}.Debug|x64.ActiveCfg = Debug|Any CPU
		{177D5CA9-90D2-4896-BB31-2CCACABDBBDA}.Debug|x64.Build.0 = Debug|Any CPU
		{177D5CA9-90D2-4896-BB31-2CCACABDBBDA}.Debug|x86.ActiveCfg = Debug|Any CPU
		{177D5CA9-90D2-4896-BB31-2CCACABDBBDA}.Debug|x86.Build.0 = Debug|Any CPU
		{177D5CA9-90D2-4896-BB31-2CCACABDBBDA}.Release|Any CPU.ActiveCfg = Release|Any CPU
		{177D5CA9-90D2-4896-BB31-2CCACABDBBDA}.Release|Any CPU.Build.0 = Release|Any CPU
		{177D5CA9-90D2-4896-BB31-2CCACABDBBDA}.Release|x64.ActiveCfg = Release|Any CPU
		{177D5CA9-90D2-4896-BB31-2CCACABDBBDA}.Release|x64.Build.0 = Release|Any CPU
		{177D5CA9-90D2-4896-BB31-2CCACABDBBDA}.Release|x86.ActiveCfg = Release|Any CPU
		{177D5CA9-90D2-4896-BB31-2CCACABDBBDA}.Release|x86.Build.0 = Release|Any CPU
		{38F65B96-9E81-4886-9B53-5A2683C477F3}.Debug|Any CPU.ActiveCfg = Debug|Any CPU
		{38F65B96-9E81-4886-9B53-5A2683C477F3}.Debug|Any CPU.Build.0 = Debug|Any CPU
		{38F65B96-9E81-4886-9B53-5A2683C477F3}.Debug|x64.ActiveCfg = Debug|Any CPU
		{38F65B96-9E81-4886-9B53-5A2683C477F3}.Debug|x64.Build.0 = Debug|Any CPU
		{38F65B96-9E81-4886-9B53-5A2683C477F3}.Debug|x86.ActiveCfg = Debug|Any CPU
		{38F65B96-9E81-4886-9B53-5A2683C477F3}.Debug|x86.Build.0 = Debug|Any CPU
		{38F65B96-9E81-4886-9B53-5A2683C477F3}.Release|Any CPU.ActiveCfg = Release|Any CPU
		{38F65B96-9E81-4886-9B53-5A2683C477F3}.Release|Any CPU.Build.0 = Release|Any CPU
		{38F65B96-9E81-4886-9B53-5A2683C477F3}.Release|x64.ActiveCfg = Release|Any CPU
		{38F65B96-9E81-4886-9B53-5A2683C477F3}.Release|x64.Build.0 = Release|Any CPU
		{38F65B96-9E81-4886-9B53-5A2683C477F3}.Release|x86.ActiveCfg = Release|Any CPU
		{38F65B96-9E81-4886-9B53-5A2683C477F3}.Release|x86.Build.0 = Release|Any CPU
		{0E7FB5C1-E013-4AE6-B71F-58E9AE400622}.Debug|Any CPU.ActiveCfg = Debug|Any CPU
		{0E7FB5C1-E013-4AE6-B71F-58E9AE400622}.Debug|Any CPU.Build.0 = Debug|Any CPU
		{0E7FB5C1-E013-4AE6-B71F-58E9AE400622}.Debug|x64.ActiveCfg = Debug|Any CPU
		{0E7FB5C1-E013-4AE6-B71F-58E9AE400622}.Debug|x64.Build.0 = Debug|Any CPU
		{0E7FB5C1-E013-4AE6-B71F-58E9AE400622}.Debug|x86.ActiveCfg = Debug|Any CPU
		{0E7FB5C1-E013-4AE6-B71F-58E9AE400622}.Debug|x86.Build.0 = Debug|Any CPU
		{0E7FB5C1-E013-4AE6-B71F-58E9AE400622}.Release|Any CPU.ActiveCfg = Release|Any CPU
		{0E7FB5C1-E013-4AE6-B71F-58E9AE400622}.Release|Any CPU.Build.0 = Release|Any CPU
		{0E7FB5C1-E013-4AE6-B71F-58E9AE400622}.Release|x64.ActiveCfg = Release|Any CPU
		{0E7FB5C1-E013-4AE6-B71F-58E9AE400622}.Release|x64.Build.0 = Release|Any CPU
		{0E7FB5C1-E013-4AE6-B71F-58E9AE400622}.Release|x86.ActiveCfg = Release|Any CPU
		{0E7FB5C1-E013-4AE6-B71F-58E9AE400622}.Release|x86.Build.0 = Release|Any CPU
		{1059F2E7-4293-4AC2-A01D-BEBC5630E9E1}.Debug|Any CPU.ActiveCfg = Debug|Any CPU
		{1059F2E7-4293-4AC2-A01D-BEBC5630E9E1}.Debug|Any CPU.Build.0 = Debug|Any CPU
		{1059F2E7-4293-4AC2-A01D-BEBC5630E9E1}.Debug|x64.ActiveCfg = Debug|Any CPU
		{1059F2E7-4293-4AC2-A01D-BEBC5630E9E1}.Debug|x64.Build.0 = Debug|Any CPU
		{1059F2E7-4293-4AC2-A01D-BEBC5630E9E1}.Debug|x86.ActiveCfg = Debug|Any CPU
		{1059F2E7-4293-4AC2-A01D-BEBC5630E9E1}.Debug|x86.Build.0 = Debug|Any CPU
		{1059F2E7-4293-4AC2-A01D-BEBC5630E9E1}.Release|Any CPU.ActiveCfg = Release|Any CPU
		{1059F2E7-4293-4AC2-A01D-BEBC5630E9E1}.Release|Any CPU.Build.0 = Release|Any CPU
		{1059F2E7-4293-4AC2-A01D-BEBC5630E9E1}.Release|x64.ActiveCfg = Release|Any CPU
		{1059F2E7-4293-4AC2-A01D-BEBC5630E9E1}.Release|x64.Build.0 = Release|Any CPU
		{1059F2E7-4293-4AC2-A01D-BEBC5630E9E1}.Release|x86.ActiveCfg = Release|Any CPU
		{1059F2E7-4293-4AC2-A01D-BEBC5630E9E1}.Release|x86.Build.0 = Release|Any CPU
		{8A987171-36CA-4975-86D6-DEF9496BB459}.Debug|Any CPU.ActiveCfg = Debug|Any CPU
		{8A987171-36CA-4975-86D6-DEF9496BB459}.Debug|Any CPU.Build.0 = Debug|Any CPU
		{8A987171-36CA-4975-86D6-DEF9496BB459}.Debug|x64.ActiveCfg = Debug|Any CPU
		{8A987171-36CA-4975-86D6-DEF9496BB459}.Debug|x64.Build.0 = Debug|Any CPU
		{8A987171-36CA-4975-86D6-DEF9496BB459}.Debug|x86.ActiveCfg = Debug|Any CPU
		{8A987171-36CA-4975-86D6-DEF9496BB459}.Debug|x86.Build.0 = Debug|Any CPU
		{8A987171-36CA-4975-86D6-DEF9496BB459}.Release|Any CPU.ActiveCfg = Release|Any CPU
		{8A987171-36CA-4975-86D6-DEF9496BB459}.Release|Any CPU.Build.0 = Release|Any CPU
		{8A987171-36CA-4975-86D6-DEF9496BB459}.Release|x64.ActiveCfg = Release|Any CPU
		{8A987171-36CA-4975-86D6-DEF9496BB459}.Release|x64.Build.0 = Release|Any CPU
		{8A987171-36CA-4975-86D6-DEF9496BB459}.Release|x86.ActiveCfg = Release|Any CPU
		{8A987171-36CA-4975-86D6-DEF9496BB459}.Release|x86.Build.0 = Release|Any CPU
	EndGlobalSection
	GlobalSection(SolutionProperties) = preSolution
		HideSolutionNode = FALSE
	EndGlobalSection
	GlobalSection(NestedProjects) = preSolution
		{0E7FB5C1-E013-4AE6-B71F-58E9AE400622} = {5D20AA90-6969-D8BD-9DCD-8634F4692FDA}
	EndGlobalSection
	GlobalSection(ExtensibilityGlobals) = postSolution
		SolutionGuid = {2D1BD951-0AF5-4456-9257-E2C9263C0B75}
	EndGlobalSection
EndGlobal
