{
  "version": 2,
  "dependencies": {
    "net8.0-windows10.0.19041": {
      "Avalonia.Desktop": {
        "type": "Direct",
        "requested": "[12.0.5, )",
        "resolved": "12.0.5",
        "contentHash": "L4bTMshYrhjSKu09Q60OHN1+Lfr9z7JsyRL6rfj3iQfjWm+5gsTl2viz5gyzDUgc/U5A7gf57e1spEX+nE/7zg==",
        "dependencies": {
          "Avalonia": "12.0.5",
          "Avalonia.HarfBuzz": "12.0.5",
          "Avalonia.Native": "12.0.5",
          "Avalonia.Skia": "12.0.5",
          "Avalonia.Win32": "12.0.5",
          "Avalonia.X11": "12.0.5"
        }
      },
      "Avalonia.Fonts.Inter": {
        "type": "Direct",
        "requested": "[12.0.5, )",
        "resolved": "12.0.5",
        "contentHash": "50zhPwYVIaqE0vVyHQxqjclObXYBT23Vt8QhsZ11vKSXddMAgPMd6zEEGGG83s1b3xXH1hZukBFqGgVAkjyZtA==",
        "dependencies": {
          "Avalonia": "12.0.5"
        }
      },
      "AvaloniaUI.DiagnosticsSupport": {
        "type": "Direct",
        "requested": "[2.2.3, )",
        "resolved": "2.2.3",
        "contentHash": "kQCInYusi2c9tjd9hV05Lln6Csbo07kiC672M3G7dsalDBe2j+pOk3We2nzdyy5ptQYy/9gQiC8ZaHhb6u/5Kw==",
        "dependencies": {
          "Microsoft.Extensions.Logging.Abstractions": "8.0.0",
          "Microsoft.IO.RecyclableMemoryStream": "3.0.1"
        }
      },
      "Avalonia.Angle.Windows.Natives": {
        "type": "Transitive",
        "resolved": "2.1.27548.20260419",
        "contentHash": "l17nI3XVDN3oMnpjf2pnmJg0YTwK4m6NLsn/itAjDMdObTFxN77D5F1M9sRMSfViSY3KKcse1ROczwgoWLJsnA=="
      },
      "Avalonia.BuildServices": {
        "type": "Transitive",
        "resolved": "11.3.2",
        "contentHash": "qHDToxto1e3hci5YqbG9n0Ty8mlp3zBUN5wT66wKqaDVzXyQ0do3EnRILd4Ke9jpvsktaPpgE0YjEk7hornryQ=="
      },
      "Avalonia.FreeDesktop": {
        "type": "Transitive",
        "resolved": "12.0.5",
        "contentHash": "51IiLrfyJdMtmVTiXiEi1q1nXS5KAMYvFNeovlwKSuTgY/agBevnfBTY+DnKnIjZMdXWWKVGJJh7MldMkPc14w==",
        "dependencies": {
          "Avalonia": "12.0.5",
          "Tmds.DBus.Protocol": "0.92.0"
        }
      },
      "Avalonia.FreeDesktop.AtSpi": {
        "type": "Transitive",
        "resolved": "12.0.5",
        "contentHash": "IrsjB1QpzXwgdnkpG6ejGxSaHp0sRrq3rZlrzRyhwEGllAxcOeUuQpq8/OrO3OUJLxXtxlsM4ku17v+7q7xGKQ==",
        "dependencies": {
          "Avalonia": "12.0.5"
        }
      },
      "Avalonia.HarfBuzz": {
        "type": "Transitive",
        "resolved": "12.0.5",
        "contentHash": "jR8i/fgrmAKEp0T3iLqfKCoEDJV9ODVzN+8bofM2guEr05eaXbx6iXZxcjh0nDK4UbK0akYDgBfAgyHoatqGjg==",
        "dependencies": {
          "Avalonia": "12.0.5",
          "HarfBuzzSharp": "8.3.1.3",
          "HarfBuzzSharp.NativeAssets.Linux": "8.3.1.3",
          "HarfBuzzSharp.NativeAssets.WebAssembly": "8.3.1.3"
        }
      },
      "Avalonia.Native": {
        "type": "Transitive",
        "resolved": "12.0.5",
        "contentHash": "m6qn0UGMI/b4cFfJ8id8sPYLotc7szhZdexPCKY+kIvGlx6Ln0VjNejRMiJDZ4S91q6nbKJL/YmfPd8UruTNjQ==",
        "dependencies": {
          "Avalonia": "12.0.5"
        }
      },
      "Avalonia.Remote.Protocol": {
        "type": "Transitive",
        "resolved": "12.0.5",
        "contentHash": "/S4T1uZzXvPpN0Sqs44u3Rl5/qCZHHefRK7xyORONHH1w60IfsfsE5RbwFSku7qmib1DsGZZXxtweJq24ERfbg=="
      },
      "Avalonia.Skia": {
        "type": "Transitive",
        "resolved": "12.0.5",
        "contentHash": "cSLTpvzsm5JpUA1tQvuht3qN6oiy1PNRgbrp1g7jCSzAFf+OKZecSne+KT1apBQUkevciaHxwtAxLolPGD9izg==",
        "dependencies": {
          "Avalonia": "12.0.5",
          "HarfBuzzSharp": "8.3.1.3",
          "HarfBuzzSharp.NativeAssets.Linux": "8.3.1.3",
          "HarfBuzzSharp.NativeAssets.WebAssembly": "8.3.1.3",
          "SkiaSharp": "3.119.4",
          "SkiaSharp.NativeAssets.Linux": "3.119.4",
          "SkiaSharp.NativeAssets.WebAssembly": "3.119.4"
        }
      },
      "Avalonia.Win32": {
        "type": "Transitive",
        "resolved": "12.0.5",
        "contentHash": "ZY1ZLXQdQqlz9GUZGXK+73kTFgKzygPbGk/gHfROUWLr2aBh1kOA1KY5xB7/cSSY+egDr+IGSjsQbgS8eSu9Tg==",
        "dependencies": {
          "Avalonia": "12.0.5",
          "Avalonia.Angle.Windows.Natives": "2.1.27548.20260419"
        }
      },
      "Avalonia.X11": {
        "type": "Transitive",
        "resolved": "12.0.5",
        "contentHash": "6OyZa5ehNbzd7JWiVbGdjuzdsgy2Rgibtwczmh7hKnePxLmOqeSL+hQ6vHanSx246TpSBKDPvjqwW7NuQrmAJg==",
        "dependencies": {
          "Avalonia": "12.0.5",
          "Avalonia.FreeDesktop": "12.0.5",
          "Avalonia.FreeDesktop.AtSpi": "12.0.5",
          "Avalonia.Skia": "12.0.5"
        }
      },
      "Dock.Controls.ProportionalStackPanel": {
        "type": "Transitive",
        "resolved": "12.0.0.2",
        "contentHash": "5vcR2J92LKdjK3DlRFicWZnoz96JK+34GHJi7Y6ZokoSE+tojHyzW0cNEC5v8Q/iYwRH78Aj0+8nKrPuarqL7A==",
        "dependencies": {
          "Avalonia": "12.0.0"
        }
      },
      "Dock.Controls.Recycling": {
        "type": "Transitive",
        "resolved": "12.0.0.2",
        "contentHash": "nEo0p/CtWjzM0Ayt1wtw4w11oheyd/2epJXw+WzwW8xMJvk2r7LFEexbgFXhYodvylQUtxQHCh41mLXURC9aCQ==",
        "dependencies": {
          "Avalonia": "12.0.0",
          "Dock.Controls.Recycling.Model": "12.0.0.2"
        }
      },
      "Dock.Controls.Recycling.Model": {
        "type": "Transitive",
        "resolved": "12.0.0.2",
        "contentHash": "klVsAStNW7SyvIvV6060o3Rx0Rgzo2Dus3MPJD7Td87FJyK0X7djki8m/EOtD6qi3RyZaRZTLOEjskNk12Q/3Q=="
      },
      "Dock.MarkupExtension": {
        "type": "Transitive",
        "resolved": "12.0.0.2",
        "contentHash": "EAxNAllVDuyP3Oj2i8s3+nsFYWvhMbTqBlkd5dGSNMd75bgM/uLmGSOOpXTZuUWFiWn1vDRWragvPcUmj6EJwQ==",
        "dependencies": {
          "Avalonia": "12.0.0"
        }
      },
      "Dock.Model": {
        "type": "Transitive",
        "resolved": "12.0.0.2",
        "contentHash": "yLD28SMkaGMVdv/kVkO1t+GkBbFWRPKlNoXh+KZ/lPjwCJKg8vm0xmdqdgszMZGbpcWPT7T2LZk/JuwECndftA==",
        "dependencies": {
          "Dock.Controls.Recycling.Model": "12.0.0.2"
        }
      },
      "Dock.Settings": {
        "type": "Transitive",
        "resolved": "12.0.0.2",
        "contentHash": "t/e37uzDSzwQ3hvbluhZJ9dOIe2ZVpROdiJYTw0A6E8zeVoN1wlDjHJGm1wIAgUpJLkjqF+MEbd/rmUm5vAmmg==",
        "dependencies": {
          "Avalonia": "12.0.0",
          "Dock.Model": "12.0.0.2"
        }
      },
      "HarfBuzzSharp": {
        "type": "Transitive",
        "resolved": "8.3.1.3",
        "contentHash": "NGZ2+ZVNPM+NdHB/asW0/ykWngyHWwcqjrbN2nDeH1B/aptPGlCUl8wkQ2cSJxw5fdWgdmIPmNuTPWpLwNVXWg==",
        "dependencies": {
          "HarfBuzzSharp.NativeAssets.Win32": "8.3.1.3"
        }
      },
      "HarfBuzzSharp.NativeAssets.Linux": {
        "type": "Transitive",
        "resolved": "8.3.1.3",
        "contentHash": "RI6A1LgmooU30+4QIyFt5rmBCzP0VzTR+587IJSGvYIsHHWlahFufihYxtraLfsIhW7I8dn6+xX+DZGygOPKWQ=="
      },
      "HarfBuzzSharp.NativeAssets.WebAssembly": {
        "type": "Transitive",
        "resolved": "8.3.1.3",
        "contentHash": "w2QfdNm9Uz/sUa0B5D+OnVQhyq3G/fBq6ibQMdWBlQqqwh0g0/5j3RFvYqZAmRZ5+RzvjVe8o8SFFnWYUSkuxA=="
      },
      "HarfBuzzSharp.NativeAssets.Win32": {
        "type": "Transitive",
        "resolved": "8.3.1.3",
        "contentHash": "bx8CE8Js+XGX8PUxAHCBDEORt5aaBYtMN4Hr9QFs57Xithh6yjUyYqksizH6eRDhJkwsGI+SXWmPmMm8lZC9Pw=="
      },
      "MicroCom.Runtime": {
        "type": "Transitive",
        "resolved": "0.11.4",
        "contentHash": "yZ8+Lgwo+KtRI29TB2mIOEMzV+csMJ+pKZg4YHReAP3vRewWLKKeYfrBDo5FS69rWnEbCfU3sbM+ZEQr+GDLtg=="
      },
      "Microsoft.CSharp": {
        "type": "Transitive",
        "resolved": "4.7.0",
        "contentHash": "pTj+D3uJWyN3My70i2Hqo+OXixq3Os2D1nJ2x92FFo6sk8fYS1m1WLNTs0Dc1uPaViH0YvEEwvzddQ7y4rhXmA=="
      },
      "Microsoft.DotNet.PlatformAbstractions": {
        "type": "Transitive",
        "resolved": "3.1.6",
        "contentHash": "jek4XYaQ/PGUwDKKhwR8K47Uh1189PFzMeLqO83mXrXQVIpARZCcfuDedH50YDTepBkfijCZN5U/vZi++erxtg=="
      },
      "Microsoft.Extensions.DependencyInjection.Abstractions": {
        "type": "Transitive",
        "resolved": "8.0.0",
        "contentHash": "cjWrLkJXK0rs4zofsK4bSdg+jhDLTaxrkXu4gS6Y7MAlCvRyNNgwY/lJi5RDlQOnSZweHqoyvgvbdvQsRIW+hg=="
      },
      "Microsoft.Extensions.DependencyModel": {
        "type": "Transitive",
        "resolved": "9.0.9",
        "contentHash": "fNGvKct2De8ghm0Bpfq0iWthtzIWabgOTi+gJhNOPhNJIowXNEUE2eZNW/zNCzrHVA3PXg2yZ+3cWZndC2IqYA==",
        "dependencies": {
          "System.Text.Encodings.Web": "9.0.9",
          "System.Text.Json": "9.0.9"
        }
      },
      "Microsoft.Extensions.Logging.Abstractions": {
        "type": "Transitive",
        "resolved": "8.0.0",
        "contentHash": "arDBqTgFCyS0EvRV7O3MZturChstm50OJ0y9bDJvAcmEPJm0FFpFyjU/JLYyStNGGey081DvnQYlncNX5SJJGA==",
        "dependencies": {
          "Microsoft.Extensions.DependencyInjection.Abstractions": "8.0.0"
        }
      },
      "Microsoft.IO.RecyclableMemoryStream": {
        "type": "Transitive",
        "resolved": "3.0.1",
        "contentHash": "s/s20YTVY9r9TPfTrN5g8zPF1YhwxyqO6PxUkrYTGI2B+OGPe9AdajWZrLhFqXIvqIW23fnUE4+ztrUWNU1+9g=="
      },
      "Microsoft.Win32.SystemEvents": {
        "type": "Transitive",
        "resolved": "8.0.0",
        "contentHash": "9opKRyOKMCi2xJ7Bj7kxtZ1r9vbzosMvRrdEhVhDz8j8MoBGgB+WmC94yH839NPH+BclAjtQ/pyagvi/8gDLkw=="
      },
      "SharpGen.Runtime": {
        "type": "Transitive",
        "resolved": "2.4.2-beta",
        "contentHash": "niTtWAUov1F7wZGAlVeEvW+Tnqvg5yTmhI7rxmYu2Utoyu2TbC9tWWpUpMs0PQg5lu5svoYpCAztNjxCqMFP/w==",
        "dependencies": {
          "System.Text.Json": "9.0.1"
        }
      },
      "SharpGen.Runtime.COM": {
        "type": "Transitive",
        "resolved": "2.4.2-beta",
        "contentHash": "9lxDFMiepqo3lJQzMSjECCIONeCc2f3Drokgj6HtrTLZcJSftNgcLbD6/iXYj2iphkwgrZb1oLsDOZxoFZkawQ==",
        "dependencies": {
          "SharpGen.Runtime": "2.4.2-beta",
          "System.Text.Json": "9.0.1"
        }
      },
      "Silk.NET.Core": {
        "type": "Transitive",
        "resolved": "2.23.0",
        "contentHash": "D7AT/nnwlB+4RZ84XY8QNGBZMJI5z9l4CSSETIJ1wCfRJzRt/341y3MRZ4HbnFz4r/IGaWOEZr86iE+0/65yyQ==",
        "dependencies": {
          "Microsoft.CSharp": "4.7.0",
          "Microsoft.DotNet.PlatformAbstractions": "3.1.6",
          "Microsoft.Extensions.DependencyModel": "9.0.9",
          "System.Memory": "4.6.3",
          "System.Numerics.Vectors": "4.6.1",
          "System.Runtime.CompilerServices.Unsafe": "6.1.2"
        }
      },
      "SkiaSharp": {
        "type": "Transitive",
        "resolved": "3.119.4",
        "contentHash": "53NOSUZ1Us+91Sm0uCkIivh/k7jOowRErZT2sIWwPFN9mLUvdxnE6rS4sWo4255+Rd2MWUSF+j0NMZHD6Cke+Q==",
        "dependencies": {
          "SkiaSharp.NativeAssets.Win32": "3.119.4",
          "SkiaSharp.NativeAssets.macOS": "3.119.4"
        }
      },
      "SkiaSharp.NativeAssets.Linux": {
        "type": "Transitive",
        "resolved": "3.119.4",
        "contentHash": "UAyVzbqNfZsZbKbzj68zXLyUyF/SbTKmzTfOO6qDu++dtIUMMTzPBe8oOuzU/DiewpfKoUUlOSsJmqWc6blxBw=="
      },
      "SkiaSharp.NativeAssets.macOS": {
        "type": "Transitive",
        "resolved": "3.119.4",
        "contentHash": "fgBOWEqbY012x7gMfJU4ezgz6dfhJb30Z6YdW35h85Zoe39+a8YNbAAwL29ihPfWoppg5AjvyKNzD1oCvlqWwA=="
      },
      "SkiaSharp.NativeAssets.WebAssembly": {
        "type": "Transitive",
        "resolved": "3.119.4",
        "contentHash": "S1HOxtBbD4bYDtA2e9WH5TX+lxqRrTPvKjrjttRhxnHNNu7YY8VFo/LeCP7tNqoTA6PV+8vsvNbmRUEC2ip8RQ=="
      },
      "SkiaSharp.NativeAssets.Win32": {
        "type": "Transitive",
        "resolved": "3.119.4",
        "contentHash": "XOpbx/4CReO2wYsq2s6rbvdauc6dntG4Zv499sHGTJ87bwZaFXszFkwql3+FIZMc8kUPeaj3Mx2ezIJmo8a1Kg=="
      },
      "System.IO.Pipelines": {
        "type": "Transitive",
        "resolved": "9.0.9",
        "contentHash": "VySjpsCLprojvat550Flrm3NQB982CPuDzILajqjQihFmrQXZPdQyktIbcpVPJyaExFYtAfY1DpwMdWQuS0kbw=="
      },
      "System.Memory": {
        "type": "Transitive",
        "resolved": "4.6.3",
        "contentHash": "qdcDOgnFZY40+Q9876JUHnlHu7bosOHX8XISRoH94fwk6hgaeQGSgfZd8srWRZNt5bV9ZW2TljcegDNxsf+96A=="
      },
      "System.Numerics.Vectors": {
        "type": "Transitive",
        "resolved": "4.6.1",
        "contentHash": "sQxefTnhagrhoq2ReR0D/6K0zJcr9Hrd6kikeXsA1I8kOCboTavcUC4r7TSfpKFeE163uMuxZcyfO1mGO3EN8Q=="
      },
      "System.Runtime.CompilerServices.Unsafe": {
        "type": "Transitive",
        "resolved": "6.1.2",
        "contentHash": "2hBr6zdbIBTDE3EhK7NSVNdX58uTK6iHW/P/Axmm9sl1xoGSLqDvMtpecn226TNwHByFokYwJmt/aQQNlO5CRw=="
      },
      "System.Text.Encodings.Web": {
        "type": "Transitive",
        "resolved": "9.0.9",
        "contentHash": "bzYTmAcmfelUOCBxvbgsfSr2tq94ydA2gJZAxZRcuNa0LlmlVz8JNHst6RG1qsDujyVYT4vjv06y8sCLbvCXdg=="
      },
      "System.Text.Json": {
        "type": "Transitive",
        "resolved": "9.0.9",
        "contentHash": "NEnpppwq67fRz/OvQRxsEMgetDJsxlxpEsAFO/4PZYbAyAMd4Ol6KS7phc8uDoKPsnbdzRLKobpX303uQwCqdg==",
        "dependencies": {
          "System.IO.Pipelines": "9.0.9",
          "System.Text.Encodings.Web": "9.0.9"
        }
      },
      "Tmds.DBus.Protocol": {
        "type": "Transitive",
        "resolved": "0.92.0",
        "contentHash": "h7IMakm0PF2jxiagoysoAjrzzLQ0UBdnSXQL5kb17YW0Fvyo12Tg96A99QkzwktWRrd7H+Uw9EzjasNLUfGYlA==",
        "dependencies": {
          "System.IO.Pipelines": "8.0.0"
        }
      },
      "Vortice.DirectX": {
        "type": "Transitive",
        "resolved": "3.8.3",
        "contentHash": "nKwSavv0w5rDF7prSefqAVPDcTyqrfZxKFMVfttiXPfm62VdA/1d+b3PhCZpW4xO7jXczXDwjQdWgD1zGsvM8w==",
        "dependencies": {
          "SharpGen.Runtime": "2.4.2-beta",
          "SharpGen.Runtime.COM": "2.4.2-beta",
          "Vortice.Mathematics": "2.1.0"
        }
      },
      "wtk.mediaforge.audio": {
        "type": "Project",
        "dependencies": {
          "WTK.MediaForge.Core": "[1.0.0, )"
        }
      },
      "wtk.mediaforge.capture": {
        "type": "Project",
        "dependencies": {
          "Vortice.DXGI": "[3.8.3, )",
          "Vortice.Direct3D11": "[3.8.3, )",
          "WTK.MediaForge.Core": "[1.0.0, )",
          "WTK.MediaForge.Diagnostics": "[1.0.0, )",
          "WTK.MediaForge.Graphics.D3D11": "[1.0.0, )"
        }
      },
      "wtk.mediaforge.composition": {
        "type": "Project",
        "dependencies": {
          "WTK.MediaForge.Audio": "[1.0.0, )",
          "WTK.MediaForge.Core": "[1.0.0, )",
          "WTK.MediaForge.Diagnostics": "[1.0.0, )"
        }
      },
      "wtk.mediaforge.core": {
        "type": "Project"
      },
      "wtk.mediaforge.diagnostics": {
        "type": "Project"
      },
      "wtk.mediaforge.graphics.d3d11": {
        "type": "Project",
        "dependencies": {
          "Vortice.DXGI": "[3.8.3, )",
          "Vortice.Direct3D11": "[3.8.3, )",
          "Vortice.Mathematics": "[2.1.1, )",
          "WTK.MediaForge.Core": "[1.0.0, )",
          "WTK.MediaForge.Diagnostics": "[1.0.0, )"
        }
      },
      "wtk.mediaforge.graphics.vulkan": {
        "type": "Project",
        "dependencies": {
          "Silk.NET.Vulkan": "[2.23.0, )",
          "Silk.NET.Vulkan.Extensions.EXT": "[2.23.0, )",
          "Silk.NET.Vulkan.Extensions.KHR": "[2.23.0, )",
          "WTK.MediaForge.Composition": "[1.0.0, )",
          "WTK.MediaForge.Core": "[1.0.0, )",
          "WTK.MediaForge.Diagnostics": "[1.0.0, )",
          "WTK.MediaForge.Graphics.D3D11": "[1.0.0, )"
        }
      },
      "wtk.mediaforge.studio": {
        "type": "Project",
        "dependencies": {
          "Avalonia": "[12.0.5, )",
          "Avalonia.Fonts.Inter": "[12.0.5, )",
          "Avalonia.Headless": "[12.0.5, )",
          "Avalonia.Markup.Xaml.Loader": "[12.0.5, )",
          "Avalonia.Themes.Fluent": "[12.0.5, )",
          "AvaloniaUI.DiagnosticsSupport": "[2.2.3, )",
          "CommunityToolkit.Mvvm": "[8.4.1, )",
          "Dock.Avalonia": "[12.0.0.2, )",
          "Dock.Avalonia.Themes.Fluent": "[12.0.0.2, )",
          "Dock.Controls.DeferredContentControl": "[12.0.0.2, )",
          "Dock.Model.Mvvm": "[12.0.0.2, )",
          "WTK.MediaForge.Composition": "[1.0.0, )"
        }
      },
      "wtk.mediaforge.windows": {
        "type": "Project",
        "dependencies": {
          "System.Drawing.Common": "[8.0.11, )",
          "Vortice.DXGI": "[3.8.3, )",
          "Vortice.Direct3D11": "[3.8.3, )",
          "Vortice.MediaFoundation": "[3.8.3, )",
          "WTK.MediaForge.Capture": "[1.0.0, )",
          "WTK.MediaForge.Composition": "[1.0.0, )",
          "WTK.MediaForge.Core": "[1.0.0, )",
          "WTK.MediaForge.Diagnostics": "[1.0.0, )",
          "WTK.MediaForge.Graphics.D3D11": "[1.0.0, )",
          "WTK.MediaForge.Graphics.Vulkan": "[1.0.0, )"
        }
      },
      "Avalonia": {
        "type": "CentralTransitive",
        "requested": "[12.0.5, )",
        "resolved": "12.0.5",
        "contentHash": "eGDbwos1AMlOaXnGN5IQ+JGG3RViFFuyN3GP70irOSbqZt4H9A6quIP6uVFVni/bBczmt5ELGuHzN+lkLQSD1A==",
        "dependencies": {
          "Avalonia.BuildServices": "11.3.2",
          "Avalonia.Remote.Protocol": "12.0.5",
          "MicroCom.Runtime": "0.11.4"
        }
      },
      "Avalonia.Headless": {
        "type": "CentralTransitive",
        "requested": "[12.0.5, )",
        "resolved": "12.0.5",
        "contentHash": "F+o+kxHts+hhpUVtzeCe4U7ZLDWbpeVIX8LhoHSw/3oUQHlh+OrO9MGZSMae72hKFRE+r4AJh0kuhzIeWDFgdQ==",
        "dependencies": {
          "Avalonia": "12.0.5",
          "Avalonia.Fonts.Inter": "12.0.5",
          "Avalonia.HarfBuzz": "12.0.5"
        }
      },
      "Avalonia.Markup.Xaml.Loader": {
        "type": "CentralTransitive",
        "requested": "[12.0.5, )",
        "resolved": "12.0.5",
        "contentHash": "uU4OCSyXQi6IFts5D499hghhJDE5FDHhLJ5f9ergKI997BVMgMb+WIIMXfIavd7uL+gQI+o9mnyTnpgyamCItg==",
        "dependencies": {
          "Avalonia": "12.0.5"
        }
      },
      "Avalonia.Themes.Fluent": {
        "type": "CentralTransitive",
        "requested": "[12.0.5, )",
        "resolved": "12.0.5",
        "contentHash": "QfbziOuzNQzMd0uCbe//p4o1u6EAesEpX41fUCULBaLENd5OAT6iU0GiN9gzhSzVfSjHuxDcafXqJMxi3H3IhA==",
        "dependencies": {
          "Avalonia": "12.0.5"
        }
      },
      "CommunityToolkit.Mvvm": {
        "type": "CentralTransitive",
        "requested": "[8.4.1, )",
        "resolved": "8.4.1",
        "contentHash": "BTRteP8SvFyd/4KAreIFJBcxD2O9trLxLDD/p8YkSDDrfFOzy2U8cHyz6r+5Eh4kDhJdzAVglei6a+Bh4jCpUA=="
      },
      "Dock.Avalonia": {
        "type": "CentralTransitive",
        "requested": "[12.0.0.2, )",
        "resolved": "12.0.0.2",
        "contentHash": "ET8Fr9bUi81ifs7LOWcD99jLOZChdp3yCjebja4qnFguy0KURMFPuBj0RXnd76SZRp5LFjBXaXb348KtZLPemQ==",
        "dependencies": {
          "Avalonia": "12.0.0",
          "Dock.Controls.DeferredContentControl": "12.0.0.2",
          "Dock.Controls.ProportionalStackPanel": "12.0.0.2",
          "Dock.Controls.Recycling": "12.0.0.2",
          "Dock.MarkupExtension": "12.0.0.2",
          "Dock.Model": "12.0.0.2",
          "Dock.Settings": "12.0.0.2"
        }
      },
      "Dock.Avalonia.Themes.Fluent": {
        "type": "CentralTransitive",
        "requested": "[12.0.0.2, )",
        "resolved": "12.0.0.2",
        "contentHash": "DhCyhsM7eMfWmmNUknlDwFVD4JN0+A/GwtDGtWhfPF8VraC1lYaXY7QfUPtjRrLOu2DlP8AlNaMXlHvZzi74bQ==",
        "dependencies": {
          "Avalonia": "12.0.0",
          "Dock.Avalonia": "12.0.0.2"
        }
      },
      "Dock.Controls.DeferredContentControl": {
        "type": "CentralTransitive",
        "requested": "[12.0.0.2, )",
        "resolved": "12.0.0.2",
        "contentHash": "CV7jl3rIQ5kO2wZ7fe3VPH+kW6m1vU4nqegp4gnxSdZMjTW4OPOwWh/p5tNKAi/7blTqxmpPOH2xWSgtxrLCJg==",
        "dependencies": {
          "Avalonia": "12.0.0"
        }
      },
      "Dock.Model.Mvvm": {
        "type": "CentralTransitive",
        "requested": "[12.0.0.2, )",
        "resolved": "12.0.0.2",
        "contentHash": "+lK3PWXjSUiyWB8a++/9y1MwPFCs67zsNANNX9JKB9ZxpoeRzmamGAH5AYam31dLhluW2dul8r7FACGXyJsyYw==",
        "dependencies": {
          "CommunityToolkit.Mvvm": "8.4.0",
          "Dock.Model": "12.0.0.2"
        }
      },
      "Silk.NET.Vulkan": {
        "type": "CentralTransitive",
        "requested": "[2.23.0, )",
        "resolved": "2.23.0",
        "contentHash": "3/irtlSWXZ3eTi8N6nelI6L34NTB8ZJHpqVMNzZx2aX7Ek9YEQ34NoQW8/Tljrtmkg8KRhHW8hKTEzZaKV8PgA==",
        "dependencies": {
          "Silk.NET.Core": "2.23.0"
        }
      },
      "Silk.NET.Vulkan.Extensions.EXT": {
        "type": "CentralTransitive",
        "requested": "[2.23.0, )",
        "resolved": "2.23.0",
        "contentHash": "+Oth189ksRiL6HvGCwIdnsYHawqrbO8y49u1H61z3wsfcHhQZeVDYe/wF5LD7fk3NcdgDvwFD3mLm1QWhdZySw==",
        "dependencies": {
          "Silk.NET.Core": "2.23.0",
          "Silk.NET.Vulkan": "2.23.0"
        }
      },
      "Silk.NET.Vulkan.Extensions.KHR": {
        "type": "CentralTransitive",
        "requested": "[2.23.0, )",
        "resolved": "2.23.0",
        "contentHash": "uRaf4j+SmH3DumjSSSUbFg33BnsGZUyXGj93O9NgGKZSJN3OTmNmQDxRew+/KiVLcgH6qzbto8aNGZ++j9GFWg==",
        "dependencies": {
          "Silk.NET.Core": "2.23.0",
          "Silk.NET.Vulkan": "2.23.0"
        }
      },
      "System.Drawing.Common": {
        "type": "CentralTransitive",
        "requested": "[8.0.11, )",
        "resolved": "8.0.11",
        "contentHash": "AVyutHHKrX0Mt9C9T8W3Ccat3cVauUwvN+EqnVpSQi92nwBqoQ+2ZRvGP1S+rKK+6TGXmRflSYNShVjl2mMBlw==",
        "dependencies": {
          "Microsoft.Win32.SystemEvents": "8.0.0"
        }
      },
      "Vortice.Direct3D11": {
        "type": "CentralTransitive",
        "requested": "[3.8.3, )",
        "resolved": "3.8.3",
        "contentHash": "JgFUswu2mgrSwcd0KRF2AnfeE5VbMEgcicmxPD1g2yXyomPIHbnX3wldBNHPOzzD0URC1WJ/pO1ymfi3imZwvg==",
        "dependencies": {
          "SharpGen.Runtime": "2.4.2-beta",
          "Vortice.DXGI": "3.8.3"
        }
      },
      "Vortice.DXGI": {
        "type": "CentralTransitive",
        "requested": "[3.8.3, )",
        "resolved": "3.8.3",
        "contentHash": "MbAUnTeQ6WD99ctAdrj5CQO2I7oaax0Kt2eVdWSUj0bYP9Ed0726+s7dIHe4+tqhpmINW/dcPt0mNtc72o+E0w==",
        "dependencies": {
          "SharpGen.Runtime": "2.4.2-beta",
          "Vortice.DirectX": "3.8.3"
        }
      },
      "Vortice.Mathematics": {
        "type": "CentralTransitive",
        "requested": "[2.1.1, )",
        "resolved": "2.1.1",
        "contentHash": "5hQRSeg4MnVwxVAPuvW49NbCmpJL1CD9q+OLoIPHzOlduQXQrqhdQ8L+RhFdgg1ifIUVjWyhNF2LhyyvAtivkQ=="
      },
      "Vortice.MediaFoundation": {
        "type": "CentralTransitive",
        "requested": "[3.8.3, )",
        "resolved": "3.8.3",
        "contentHash": "TeAN7tKrf1XfUxXe1+fukRvPCTW53DQUxuPR0pZLivuhmLlFCgpvb+EQWfCKENnEwbJnL+OdrHxWn2qUZiYMuA==",
        "dependencies": {
          "SharpGen.Runtime": "2.4.2-beta",
          "Vortice.DirectX": "3.8.3"
        }
      }
    }
  }
}